// !$*UTF8*$!
{
	archiveVersion = 1;
	classes = {
	};
	objectVersion = 50;
	objects = {

/* Begin PBXBuildFile section */
		4F404621207C66C300FF4DCE /* OweView.m in Sources */ = {isa = PBXBuildFile; fileRef = 4F404620207C66C300FF4DCE /* OweView.m */; };
		4F404623207C66D200FF4DCE /* OweView.xib in Resources */ = {isa = PBXBuildFile; fileRef = 4F404622207C66D200FF4DCE /* OweView.xib */; };
		4FFCB58C2074D711004E48E0 /* AppDelegate.m in Sources */ = {isa = PBXBuildFile; fileRef = 4FFCB58B2074D711004E48E0 /* AppDelegate.m */; };
		4FFCB58F2074D711004E48E0 /* ViewController.m in Sources */ = {isa = PBXBuildFile; fileRef = 4FFCB58E2074D711004E48E0 /* ViewController.m */; };
		4FFCB5922074D711004E48E0 /* Main.storyboard in Resources */ = {isa = PBXBuildFile; fileRef = 4FFCB5902074D711004E48E0 /* Main.storyboard */; };
		4FFCB5942074D712004E48E0 /* Assets.xcassets in Resources */ = {isa = PBXBuildFile; fileRef = 4FFCB5932074D712004E48E0 /* Assets.xcassets */; };
		4FFCB5972074D712004E48E0 /* LaunchScreen.storyboard in Resources */ = {isa = PBXBuildFile; fileRef = 4FFCB5952074D712004E48E0 /* LaunchScreen.storyboard */; };
		4FFCB59A2074D712004E48E0 /* main.m in Sources */ = {isa = PBXBuildFile; fileRef = 4FFCB5992074D712004E48E0 /* main.m */; };
		4FFCB5A42074D713004E48E0 /* IBActionTests.m in Sources */ = {isa = PBXBuildFile; fileRef = 4FFCB5A32074D713004E48E0 /* IBActionTests.m */; };
		4FFCB5AF2074D713004E48E0 /* IBActionUITests.m in Sources */ = {isa = PBXBuildFile; fileRef = 4FFCB5AE2074D713004E48E0 /* IBActionUITests.m */; };
		4FFCB5C12074D827004E48E0 /* XWView.m in Sources */ = {isa = PBXBuildFile; fileRef = 4FFCB5C02074D827004E48E0 /* XWView.m */; };
		4FFCB5C42074DA1E004E48E0 /* WXView.m in Sources */ = {isa = PBXBuildFile; fileRef = 4FFCB5C32074DA1E004E48E0 /* WXView.m */; };
		4FFCB5C62074DA2E004E48E0 /* WXView.xib in Resources */ = {isa = PBXBuildFile; fileRef = 4FFCB5C52074DA2E004E48E0 /* WXView.xib */; };
/* End PBXBuildFile section */

/* Begin PBXContainerItemProxy section */
		4FFCB5A02074D713004E48E0 /* PBXContainerItemProxy */ = {
			isa = PBXContainerItemProxy;
			containerPortal = 4FFCB57F2074D711004E48E0 /* Project object */;
			proxyType = 1;
			remoteGlobalIDString = 4FFCB5862074D711004E48E0;
			remoteInfo = IBAction;
		};
		4FFCB5AB2074D713004E48E0 /* PBXContainerItemProxy */ = {
			isa = PBXContainerItemProxy;
			containerPortal = 4FFCB57F2074D711004E48E0 /* Project object */;
			proxyType = 1;
			remoteGlobalIDString = 4FFCB5862074D711004E48E0;
			remoteInfo = IBAction;
		};
/* End PBXContainerItemProxy section */

/* Begin PBXFileReference section */
		4F40461F207C66C300FF4DCE /* OweView.h */ = {isa = PBXFileReference; lastKnownFileType = sourcecode.c.h; path = OweView.h; sourceTree = "<group>"; };
		4F404620207C66C300FF4DCE /* OweView.m */ = {isa = PBXFileReference; lastKnownFileType = sourcecode.c.objc; path = OweView.m; sourceTree = "<group>"; };
		4F404622207C66D200FF4DCE /* OweView.xib */ = {isa = PBXFileReference; lastKnownFileType = file.xib; path = OweView.xib; sourceTree = "<group>"; };
		4FFCB5872074D711004E48E0 /* IBAction.app */ = {isa = PBXFileReference; explicitFileType = wrapper.application; includeInIndex = 0; path = IBAction.app; sourceTree = BUILT_PRODUCTS_DIR; };
		4FFCB58A2074D711004E48E0 /* AppDelegate.h */ = {isa = PBXFileReference; lastKnownFileType = sourcecode.c.h; path = AppDelegate.h; sourceTree = "<group>"; };
		4FFCB58B2074D711004E48E0 /* AppDelegate.m */ = {isa = PBXFileReference; lastKnownFileType = sourcecode.c.objc; path = AppDelegate.m; sourceTree = "<group>"; };
		4FFCB58D2074D711004E48E0 /* ViewController.h */ = {isa = PBXFileReference; lastKnownFileType = sourcecode.c.h; path = ViewController.h; sourceTree = "<group>"; };
		4FFCB58E2074D711004E48E0 /* ViewController.m */ = {isa = PBXFileReference; lastKnownFileType = sourcecode.c.objc; path = ViewController.m; sourceTree = "<group>"; };
		4FFCB5912074D711004E48E0 /* Base */ = {isa = PBXFileReference; lastKnownFileType = file.storyboard; name = Base; path = Base.lproj/Main.storyboard; sourceTree = "<group>"; };
		4FFCB5932074D712004E48E0 /* Assets.xcassets */ = {isa = PBXFileReference; lastKnownFileType = folder.assetcatalog; path = Assets.xcassets; sourceTree = "<group>"; };
		4FFCB5962074D712004E48E0 /* Base */ = {isa = PBXFileReference; lastKnownFileType = file.storyboard; name = Base; path = Base.lproj/LaunchScreen.storyboard; sourceTree = "<group>"; };
		4FFCB5982074D712004E48E0 /* Info.plist */ = {isa = PBXFileReference; lastKnownFileType = text.plist.xml; path = Info.plist; sourceTree = "<group>"; };
		4FFCB5992074D712004E48E0 /* main.m */ = {isa = PBXFileReference; lastKnownFileType = sourcecode.c.objc; path = main.m; sourceTree = "<group>"; };
		4FFCB59F2074D713004E48E0 /* IBActionTests.xctest */ = {isa = PBXFileReference; explicitFileType = wrapper.cfbundle; includeInIndex = 0; path = IBActionTests.xctest; sourceTree = BUILT_PRODUCTS_DIR; };
		4FFCB5A32074D713004E48E0 /* IBActionTests.m */ = {isa = PBXFileReference; lastKnownFileType = sourcecode.c.objc; path = IBActionTests.m; sourceTree = "<group>"; };
		4FFCB5A52074D713004E48E0 /* Info.plist */ = {isa = PBXFileReference; lastKnownFileType = text.plist.xml; path = Info.plist; sourceTree = "<group>"; };
		4FFCB5AA2074D713004E48E0 /* IBActionUITests.xctest */ = {isa = PBXFileReference; explicitFileType = wrapper.cfbundle; includeInIndex = 0; path = IBActionUITests.xctest; sourceTree = BUILT_PRODUCTS_DIR; };
		4FFCB5AE2074D713004E48E0 /* IBActionUITests.m */ = {isa = PBXFileReference; lastKnownFileType = sourcecode.c.objc; path = IBActionUITests.m; sourceTree = "<group>"; };
		4FFCB5B02074D713004E48E0 /* Info.plist */ = {isa = PBXFileReference; lastKnownFileType = text.plist.xml; path = Info.plist; sourceTree = "<group>"; };
		4FFCB5BF2074D827004E48E0 /* XWView.h */ = {isa = PBXFileReference; lastKnownFileType = sourcecode.c.h; path = XWView.h; sourceTree = "<group>"; };
		4FFCB5C02074D827004E48E0 /* XWView.m */ = {isa = PBXFileReference; lastKnownFileType = sourcecode.c.objc; path = XWView.m; sourceTree = "<group>"; };
		4FFCB5C22074DA1E004E48E0 /* WXView.h */ = {isa = PBXFileReference; lastKnownFileType = sourcecode.c.h; path = WXView.h; sourceTree = "<group>"; };
		4FFCB5C32074DA1E004E48E0 /* WXView.m */ = {isa = PBXFileReference; lastKnownFileType = sourcecode.c.objc; path = WXView.m; sourceTree = "<group>"; };
		4FFCB5C52074DA2E004E48E0 /* WXView.xib */ = {isa = PBXFileReference; lastKnownFileType = file.xib; path = WXView.xib; sourceTree = "<group>"; };
/* End PBXFileReference section */

/* Begin PBXFrameworksBuildPhase section */
		4FFCB5842074D711004E48E0 /* Frameworks */ = {
			isa = PBXFrameworksBuildPhase;
			buildActionMask = 2147483647;
			files = (
			);
			runOnlyForDeploymentPostprocessing = 0;
		};
		4FFCB59C2074D713004E48E0 /* Frameworks */ = {
			isa = PBXFrameworksBuildPhase;
			buildActionMask = 2147483647;
			files = (
			);
			runOnlyForDeploymentPostprocessing = 0;
		};
		4FFCB5A72074D713004E48E0 /* Frameworks */ = {
			isa = PBXFrameworksBuildPhase;
			buildActionMask = 2147483647;
			files = (
			);
			runOnlyForDeploymentPostprocessing = 0;
		};
/* End PBXFrameworksBuildPhase section */

/* Begin PBXGroup section */
		4FFCB57E2074D711004E48E0 = {
			isa = PBXGroup;
			children = (
				4FFCB5892074D711004E48E0 /* IBAction */,
				4FFCB5A22074D713004E48E0 /* IBActionTests */,
				4FFCB5AD2074D713004E48E0 /* IBActionUITests */,
				4FFCB5882074D711004E48E0 /* Products */,
			);
			sourceTree = "<group>";
		};
		4FFCB5882074D711004E48E0 /* Products */ = {
			isa = PBXGroup;
			children = (
				4FFCB5872074D711004E48E0 /* IBAction.app */,
				4FFCB59F2074D713004E48E0 /* IBActionTests.xctest */,
				4FFCB5AA2074D713004E48E0 /* IBActionUITests.xctest */,
			);
			name = Products;
			sourceTree = "<group>";
		};
		4FFCB5892074D711004E48E0 /* IBAction */ = {
			isa = PBXGroup;
			children = (
				4FFCB58A2074D711004E48E0 /* AppDelegate.h */,
				4FFCB58B2074D711004E48E0 /* AppDelegate.m */,
				4FFCB58D2074D711004E48E0 /* ViewController.h */,
				4FFCB58E2074D711004E48E0 /* ViewController.m */,
				4FFCB5BF2074D827004E48E0 /* XWView.h */,
				4FFCB5C02074D827004E48E0 /* XWView.m */,
				4FFCB5C22074DA1E004E48E0 /* WXView.h */,
				4FFCB5C32074DA1E004E48E0 /* WXView.m */,
				4FFCB5C52074DA2E004E48E0 /* WXView.xib */,
				4F40461F207C66C300FF4DCE /* OweView.h */,
				4F404620207C66C300FF4DCE /* OweView.m */,
				4F404622207C66D200FF4DCE /* OweView.xib */,
				4FFCB5902074D711004E48E0 /* Main.storyboard */,
				4FFCB5932074D712004E48E0 /* Assets.xcassets */,
				4FFCB5952074D712004E48E0 /* LaunchScreen.storyboard */,
				4FFCB5982074D712004E48E0 /* Info.plist */,
				4FFCB5992074D712004E48E0 /* main.m */,
			);
			path = IBAction;
			sourceTree = "<group>";
		};
		4FFCB5A22074D713004E48E0 /* IBActionTests */ = {
			isa = PBXGroup;
			children = (
				4FFCB5A32074D713004E48E0 /* IBActionTests.m */,
				4FFCB5A52074D713004E48E0 /* Info.plist */,
			);
			path = IBActionTests;
			sourceTree = "<group>";
		};
		4FFCB5AD2074D713004E48E0 /* IBActionUITests */ = {
			isa = PBXGroup;
			children = (
				4FFCB5AE2074D713004E48E0 /* IBActionUITests.m */,
				4FFCB5B02074D713004E48E0 /* Info.plist */,
			);
			path = IBActionUITests;
			sourceTree = "<group>";
		};
/* End PBXGroup section */

/* Begin PBXNativeTarget section */
		4FFCB5862074D711004E48E0 /* IBAction */ = {
			isa = PBXNativeTarget;
			buildConfigurationList = 4FFCB5B32074D713004E48E0 /* Build configuration list for PBXNativeTarget "IBAction" */;
			buildPhases = (
				4FFCB5832074D711004E48E0 /* Sources */,
				4FFCB5842074D711004E48E0 /* Frameworks */,
				4FFCB5852074D711004E48E0 /* Resources */,
			);
			buildRules = (
			);
			dependencies = (
			);
			name = IBAction;
			productName = IBAction;
			productReference = 4FFCB5872074D711004E48E0 /* IBAction.app */;
			productType = "com.apple.product-type.application";
		};
		4FFCB59E2074D713004E48E0 /* IBActionTests */ = {
			isa = PBXNativeTarget;
			buildConfigurationList = 4FFCB5B62074D713004E48E0 /* Build configuration list for PBXNativeTarget "IBActionTests" */;
			buildPhases = (
				4FFCB59B2074D713004E48E0 /* Sources */,
				4FFCB59C2074D713004E48E0 /* Frameworks */,
				4FFCB59D2074D713004E48E0 /* Resources */,
			);
			buildRules = (
			);
			dependencies = (
				4FFCB5A12074D713004E48E0 /* PBXTargetDependency */,
			);
			name = IBActionTests;
			productName = IBActionTests;
			productReference = 4FFCB59F2074D713004E48E0 /* IBActionTests.xctest */;
			productType = "com.apple.product-type.bundle.unit-test";
		};
		4FFCB5A92074D713004E48E0 /* IBActionUITests */ = {
			isa = PBXNativeTarget;
			buildConfigurationList = 4FFCB5B92074D713004E48E0 /* Build configuration list for PBXNativeTarget "IBActionUITests" */;
			buildPhases = (
				4FFCB5A62074D713004E48E0 /* Sources */,
				4FFCB5A72074D713004E48E0 /* Frameworks */,
				4FFCB5A82074D713004E48E0 /* Resources */,
			);
			buildRules = (
			);
			dependencies = (
				4FFCB5AC2074D713004E48E0 /* PBXTargetDependency */,
			);
			name = IBActionUITests;
			productName = IBActionUITests;
			productReference = 4FFCB5AA2074D713004E48E0 /* IBActionUITests.xctest */;
			productType = "com.apple.product-type.bundle.ui-testing";
		};
/* End PBXNativeTarget section */

/* Begin PBXProject section */
		4FFCB57F2074D711004E48E0 /* Project object */ = {
			isa = PBXProject;
			attributes = {
				LastUpgradeCheck = 0930;
				ORGANIZATIONNAME = csco;
				TargetAttributes = {
					4FFCB5862074D711004E48E0 = {
						CreatedOnToolsVersion = 9.3;
					};
					4FFCB59E2074D713004E48E0 = {
						CreatedOnToolsVersion = 9.3;
						TestTargetID = 4FFCB5862074D711004E48E0;
					};
					4FFCB5A92074D713004E48E0 = {
						CreatedOnToolsVersion = 9.3;
						TestTargetID = 4FFCB5862074D711004E48E0;
					};
				};
			};
			buildConfigurationList = 4FFCB5822074D711004E48E0 /* Build configuration list for PBXProject "IBAction" */;
			compatibilityVersion = "Xcode 9.3";
			developmentRegion = en;
			hasScannedForEncodings = 0;
			knownRegions = (
				en,
				Base,
			);
			mainGroup = 4FFCB57E2074D711004E48E0;
			productRefGroup = 4FFCB5882074D711004E48E0 /* Products */;
			projectDirPath = "";
			projectRoot = "";
			targets = (
				4FFCB5862074D711004E48E0 /* IBAction */,
				4FFCB59E2074D713004E48E0 /* IBActionTests */,
				4FFCB5A92074D713004E48E0 /* IBActionUITests */,
			);
		};
/* End PBXProject section */

/* Begin PBXResourcesBuildPhase section */
		4FFCB5852074D711004E48E0 /* Resources */ = {
			isa = PBXResourcesBuildPhase;
			buildActionMask = 2147483647;
			files = (
				4FFCB5972074D712004E48E0 /* LaunchScreen.storyboard in Resources */,
				4FFCB5C62074DA2E004E48E0 /* WXView.xib in Resources */,
				4F404623207C66D200FF4DCE /* OweView.xib in Resources */,
				4FFCB5942074D712004E48E0 /* Assets.xcassets in Resources */,
				4FFCB5922074D711004E48E0 /* Main.storyboard in Resources */,
			);
			runOnlyForDeploymentPostprocessing = 0;
		};
		4FFCB59D2074D713004E48E0 /* Resources */ = {
			isa = PBXResourcesBuildPhase;
			buildActionMask = 2147483647;
			files = (
			);
			runOnlyForDeploymentPostprocessing = 0;
		};
		4FFCB5A82074D713004E48E0 /* Resources */ = {
			isa = PBXResourcesBuildPhase;
			buildActionMask = 2147483647;
			files = (
			);
			runOnlyForDeploymentPostprocessing = 0;
		};
/* End PBXResourcesBuildPhase section */

/* Begin PBXSourcesBuildPhase section */
		4FFCB5832074D711004E48E0 /* Sources */ = {
			isa = PBXSourcesBuildPhase;
			buildActionMask = 2147483647;
			files = (
				4FFCB58F2074D711004E48E0 /* ViewController.m in Sources */,
				4FFCB59A2074D712004E48E0 /* main.m in Sources */,
				4F404621207C66C300FF4DCE /* OweView.m in Sources */,
				4FFCB58C2074D711004E48E0 /* AppDelegate.m in Sources */,
				4FFCB5C12074D827004E48E0 /* XWView.m in Sources */,
				4FFCB5C42074DA1E004E48E0 /* WXView.m in Sources */,
			);
			runOnlyForDeploymentPostprocessing = 0;
		};
		4FFCB59B2074D713004E48E0 /* Sources */ = {
			isa = PBXSourcesBuildPhase;
			buildActionMask = 2147483647;
			files = (
				4FFCB5A42074D713004E48E0 /* IBActionTests.m in Sources */,
			);
			runOnlyForDeploymentPostprocessing = 0;
		};
		4FFCB5A62074D713004E48E0 /* Sources */ = {
			isa = PBXSourcesBuildPhase;
			buildActionMask = 2147483647;
			files = (
				4FFCB5AF2074D713004E48E0 /* IBActionUITests.m in Sources */,
			);
			runOnlyForDeploymentPostprocessing = 0;
		};
/* End PBXSourcesBuildPhase section */

/* Begin PBXTargetDependency section */
		4FFCB5A12074D713004E48E0 /* PBXTargetDependency */ = {
			isa = PBXTargetDependency;
			target = 4FFCB5862074D711004E48E0 /* IBAction */;
			targetProxy = 4FFCB5A02074D713004E48E0 /* PBXContainerItemProxy */;
		};
		4FFCB5AC2074D713004E48E0 /* PBXTargetDependency */ = {
			isa = PBXTargetDependency;
			target = 4FFCB5862074D711004E48E0 /* IBAction */;
			targetProxy = 4FFCB5AB2074D713004E48E0 /* PBXContainerItemProxy */;
		};
/* End PBXTargetDependency section */

/* Begin PBXVariantGroup section */
		4FFCB5902074D711004E48E0 /* Main.storyboard */ = {
			isa = PBXVariantGroup;
			children = (
				4FFCB5912074D711004E48E0 /* Base */,
			);
			name = Main.storyboard;
			sourceTree = "<group>";
		};
		4FFCB5952074D712004E48E0 /* LaunchScreen.storyboard */ = {
			isa = PBXVariantGroup;
			children = (
				4FFCB5962074D712004E48E0 /* Base */,
			);
			name = LaunchScreen.storyboard;
			sourceTree = "<group>";
		};
/* End PBXVariantGroup section */

/* Begin XCBuildConfiguration section */
		4FFCB5B12074D713004E48E0 /* Debug */ = {
			isa = XCBuildConfiguration;
			buildSettings = {
				ALWAYS_SEARCH_USER_PATHS = NO;
				CLANG_ANALYZER_NONNULL = YES;
				CLANG_ANALYZER_NUMBER_OBJECT_CONVERSION = YES_AGGRESSIVE;
				CLANG_CXX_LANGUAGE_STANDARD = "gnu++14";
				CLANG_CXX_LIBRARY = "libc++";
				CLANG_ENABLE_MODULES = YES;
				CLANG_ENABLE_OBJC_ARC = YES;
				CLANG_ENABLE_OBJC_WEAK = YES;
				CLANG_WARN_BLOCK_CAPTURE_AUTORELEASING = YES;
				CLANG_WARN_BOOL_CONVERSION = YES;
				CLANG_WARN_COMMA = YES;
				CLANG_WARN_CONSTANT_CONVERSION = YES;
				CLANG_WARN_DEPRECATED_OBJC_IMPLEMENTATIONS = YES;
				CLANG_WARN_DIRECT_OBJC_ISA_USAGE = YES_ERROR;
				CLANG_WARN_DOCUMENTATION_COMMENTS = YES;
				CLANG_WARN_EMPTY_BODY = YES;
				CLANG_WARN_ENUM_CONVERSION = YES;
				CLANG_WARN_INFINITE_RECURSION = YES;
				CLANG_WARN_INT_CONVERSION = YES;
				CLANG_WARN_NON_LITERAL_NULL_CONVERSION = YES;
				CLANG_WARN_OBJC_IMPLICIT_RETAIN_SELF = YES;
				CLANG_WARN_OBJC_LITERAL_CONVERSION = YES;
				CLANG_WARN_OBJC_ROOT_CLASS = YES_ERROR;
				CLANG_WARN_RANGE_LOOP_ANALYSIS = YES;
				CLANG_WARN_STRICT_PROTOTYPES = YES;
				CLANG_WARN_SUSPICIOUS_MOVE = YES;
				CLANG_WARN_UNGUARDED_AVAILABILITY = YES_AGGRESSIVE;
				CLANG_WARN_UNREACHABLE_CODE = YES;
				CLANG_WARN__DUPLICATE_METHOD_MATCH = YES;
				CODE_SIGN_IDENTITY = "iPhone Developer";
				COPY_PHASE_STRIP = NO;
				DEBUG_INFORMATION_FORMAT = dwarf;
				ENABLE_STRICT_OBJC_MSGSEND = YES;
				ENABLE_TESTABILITY = YES;
				GCC_C_LANGUAGE_STANDARD = gnu11;
				GCC_DYNAMIC_NO_PIC = NO;
				GCC_NO_COMMON_BLOCKS = YES;
				GCC_OPTIMIZATION_LEVEL = 0;
				GCC_PREPROCESSOR_DEFINITIONS = (
					"DEBUG=1",
					"$(inherited)",
				);
				GCC_WARN_64_TO_32_BIT_CONVERSION = YES;
				GCC_WARN_ABOUT_RETURN_TYPE = YES_ERROR;
				GCC_WARN_UNDECLARED_SELECTOR = YES;
				GCC_WARN_UNINITIALIZED_AUTOS = YES_AGGRESSIVE;
				GCC_WARN_UNUSED_FUNCTION = YES;
				GCC_WARN_UNUSED_VARIABLE = YES;
				IPHONEOS_DEPLOYMENT_TARGET = 11.3;
				MTL_ENABLE_DEBUG_INFO = YES;
				ONLY_ACTIVE_ARCH = YES;
				SDKROOT = iphoneos;
			};
			name = Debug;
		};
		4FFCB5B22074D713004E48E0 /* Release */ = {
			isa = XCBuildConfiguration;
			buildSettings = {
				ALWAYS_SEARCH_USER_PATHS = NO;
				CLANG_ANALYZER_NONNULL = YES;
				CLANG_ANALYZER_NUMBER_OBJECT_CONVERSION = YES_AGGRESSIVE;
				CLANG_CXX_LANGUAGE_STANDARD = "gnu++14";
				CLANG_CXX_LIBRARY = "libc++";
				CLANG_ENABLE_MODULES = YES;
				CLANG_ENABLE_OBJC_ARC = YES;
				CLANG_ENABLE_OBJC_WEAK = YES;
				CLANG_WARN_BLOCK_CAPTURE_AUTORELEASING = YES;
				CLANG_WARN_BOOL_CONVERSION = YES;
				CLANG_WARN_COMMA = YES;
				CLANG_WARN_CONSTANT_CONVERSION = YES;
				CLANG_WARN_DEPRECATED_OBJC_IMPLEMENTATIONS = YES;
				CLANG_WARN_DIRECT_OBJC_ISA_USAGE = YES_ERROR;
				CLANG_WARN_DOCUMENTATION_COMMENTS = YES;
				CLANG_WARN_EMPTY_BODY = YES;
				CLANG_WARN_ENUM_CONVERSION = YES;
				CLANG_WARN_INFINITE_RECURSION = YES;
				CLANG_WARN_INT_CONVERSION = YES;
				CLANG_WARN_NON_LITERAL_NULL_CONVERSION = YES;
				CLANG_WARN_OBJC_IMPLICIT_RETAIN_SELF = YES;
				CLANG_WARN_OBJC_LITERAL_CONVERSION = YES;
				CLANG_WARN_OBJC_ROOT_CLASS = YES_ERROR;
				CLANG_WARN_RANGE_LOOP_ANALYSIS = YES;
				CLANG_WARN_STRICT_PROTOTYPES = YES;
				CLANG_WARN_SUSPICIOUS_MOVE = YES;
				CLANG_WARN_UNGUARDED_AVAILABILITY = YES_AGGRESSIVE;
				CLANG_WARN_UNREACHABLE_CODE = YES;
				CLANG_WARN__DUPLICATE_METHOD_MATCH = YES;
				CODE_SIGN_IDENTITY = "iPhone Developer";
				COPY_PHASE_STRIP = NO;
				DEBUG_INFORMATION_FORMAT = "dwarf-with-dsym";
				ENABLE_NS_ASSERTIONS = NO;
				ENABLE_STRICT_OBJC_MSGSEND = YES;
				GCC_C_LANGUAGE_STANDARD = gnu11;
				GCC_NO_COMMON_BLOCKS = YES;
				GCC_WARN_64_TO_32_BIT_CONVERSION = YES;
				GCC_WARN_ABOUT_RETURN_TYPE = YES_ERROR;
				GCC_WARN_UNDECLARED_SELECTOR = YES;
				GCC_WARN_UNINITIALIZED_AUTOS = YES_AGGRESSIVE;
				GCC_WARN_UNUSED_FUNCTION = YES;
				GCC_WARN_UNUSED_VARIABLE = YES;
				IPHONEOS_DEPLOYMENT_TARGET = 11.3;
				MTL_ENABLE_DEBUG_INFO = NO;
				SDKROOT = iphoneos;
				VALIDATE_PRODUCT = YES;
			};
			name = Release;
		};
		4FFCB5B42074D713004E48E0 /* Debug */ = {
			isa = XCBuildConfiguration;
			buildSettings = {
				ASSETCATALOG_COMPILER_APPICON_NAME = AppIcon;
				CODE_SIGN_STYLE = Automatic;
				INFOPLIST_FILE = IBAction/Info.plist;
				LD_RUNPATH_SEARCH_PATHS = (
					"$(inherited)",
					"@executable_path/Frameworks",
				);
				PRODUCT_BUNDLE_IDENTIFIER = XW.IBAction;
				PRODUCT_NAME = "$(TARGET_NAME)";
				TARGETED_DEVICE_FAMILY = "1,2";
			};
			name = Debug;
		};
		4FFCB5B52074D713004E48E0 /* Release */ = {
			isa = XCBuildConfiguration;
			buildSettings = {
				ASSETCATALOG_COMPILER_APPICON_NAME = AppIcon;
				CODE_SIGN_STYLE = Automatic;
				INFOPLIST_FILE = IBAction/Info.plist;
				LD_RUNPATH_SEARCH_PATHS = (
					"$(inherited)",
					"@executable_path/Frameworks",
				);
				PRODUCT_BUNDLE_IDENTIFIER = XW.IBAction;
				PRODUCT_NAME = "$(TARGET_NAME)";
				TARGETED_DEVICE_FAMILY = "1,2";
			};
			name = Release;
		};
		4FFCB5B72074D713004E48E0 /* Debug */ = {
			isa = XCBuildConfiguration;
			buildSettings = {
				BUNDLE_LOADER = "$(TEST_HOST)";
				CODE_SIGN_STYLE = Automatic;
				INFOPLIST_FILE = IBActionTests/Info.plist;
				LD_RUNPATH_SEARCH_PATHS = (
					"$(inherited)",
					"@executable_path/Frameworks",
					"@loader_path/Frameworks",
				);
				PRODUCT_BUNDLE_IDENTIFIER = XW.IBActionTests;
				PRODUCT_NAME = "$(TARGET_NAME)";
				TARGETED_DEVICE_FAMILY = "1,2";
				TEST_HOST = "$(BUILT_PRODUCTS_DIR)/IBAction.app/IBAction";
			};
			name = Debug;
		};
		4FFCB5B82074D713004E48E0 /* Release */ = {
			isa = XCBuildConfiguration;
			buildSettings = {
				BUNDLE_LOADER = "$(TEST_HOST)";
				CODE_SIGN_STYLE = Automatic;
				INFOPLIST_FILE = IBActionTests/Info.plist;
				LD_RUNPATH_SEARCH_PATHS = (
					"$(inherited)",
					"@executable_path/Frameworks",
					"@loader_path/Frameworks",
				);
				PRODUCT_BUNDLE_IDENTIFIER = XW.IBActionTests;
				PRODUCT_NAME = "$(TARGET_NAME)";
				TARGETED_DEVICE_FAMILY = "1,2";
				TEST_HOST = "$(BUILT_PRODUCTS_DIR)/IBAction.app/IBAction";
			};
			name = Release;
		};
		4FFCB5BA2074D713004E48E0 /* Debug */ = {
			isa = XCBuildConfiguration;
			buildSettings = {
				CODE_SIGN_STYLE = Automatic;
				INFOPLIST_FILE = IBActionUITests/Info.plist;
				LD_RUNPATH_SEARCH_PATHS = (
					"$(inherited)",
					"@executable_path/Frameworks",
					"@loader_path/Frameworks",
				);
				PRODUCT_BUNDLE_IDENTIFIER = XW.IBActionUITests;
				PRODUCT_NAME = "$(TARGET_NAME)";
				TARGETED_DEVICE_FAMILY = "1,2";
				TEST_TARGET_NAME = IBAction;
			};
			name = Debug;
		};
		4FFCB5BB2074D713004E48E0 /* Release */ = {
			isa = XCBuildConfiguration;
			buildSettings = {
				CODE_SIGN_STYLE = Automatic;
				INFOPLIST_FILE = IBActionUITests/Info.plist;
				LD_RUNPATH_SEARCH_PATHS = (
					"$(inherited)",
					"@executable_path/Frameworks",
					"@loader_path/Frameworks",
				);
				PRODUCT_BUNDLE_IDENTIFIER = XW.IBActionUITests;
				PRODUCT_NAME = "$(TARGET_NAME)";
				TARGETED_DEVICE_FAMILY = "1,2";
				TEST_TARGET_NAME = IBAction;
			};
			name = Release;
		};
/* End XCBuildConfiguration section */

/* Begin XCConfigurationList section */
		4FFCB5822074D711004E48E0 /* Build configuration list for PBXProject "IBAction" */ = {
			isa = XCConfigurationList;
			buildConfigurations = (
				4FFCB5B12074D713004E48E0 /* Debug */,
				4FFCB5B22074D713004E48E0 /* Release */,
			);
			defaultConfigurationIsVisible = 0;
			defaultConfigurationName = Release;
		};
		4FFCB5B32074D713004E48E0 /* Build configuration list for PBXNativeTarget "IBAction" */ = {
			isa = XCConfigurationList;
			buildConfigurations = (
				4FFCB5B42074D713004E48E0 /* Debug */,
				4FFCB5B52074D713004E48E0 /* Release */,
			);
			defaultConfigurationIsVisible = 0;
			defaultConfigurationName = Release;
		};
		4FFCB5B62074D713004E48E0 /* Build configuration list for PBXNativeTarget "IBActionTests" */ = {
			isa = XCConfigurationList;
			buildConfigurations = (
				4FFCB5B72074D713004E48E0 /* Debug */,
				4FFCB5B82074D713004E48E0 /* Release */,
			);
			defaultConfigurationIsVisible = 0;
			defaultConfigurationName = Release;
		};
		4FFCB5B92074D713004E48E0 /* Build configuration list for PBXNativeTarget "IBActionUITests" */ = {
			isa = XCConfigurationList;
			buildConfigurations = (
				4FFCB5BA2074D713004E48E0 /* Debug */,
				4FFCB5BB2074D713004E48E0 /* Release */,
			);
			defaultConfigurationIsVisible = 0;
			defaultConfigurationName = Release;
		};
/* End XCConfigurationList section */
	};
	rootObject = 4FFCB57F2074D711004E48E0 /* Project object */;
}
